
Microsoft Visual Studio Solution File, Format Version 12.00
# Visual Studio 15
VisualStudioVersion = 15.0.26124.0
MinimumVisualStudioVersion = 15.0.26124.0
Project("{FAE04EC0-301F-11D3-BF4B-00C04F79EFBC}") = "DotnetcoreSignalRClient", "DotnetcoreSignalRClient\DotnetcoreSignalRClient.csproj", "{46C5CF73-6080-4384-BF3B-7751E9DF68E4}"
EndProject
Project("{FAE04EC0-301F-11D3-BF4B-00C04F79EFBC}") = "DotnetcoreSignalRSever", "DotnetcoreSignalRSever\DotnetcoreSignalRSever.csproj", "{91264281-CEB8-4613-878D-126B0FBDE585}"
EndProject
Global
	GlobalSection(SolutionConfigurationPlatforms) = preSolution
		Debug|Any CPU = Debug|Any CPU
		Debug|x64 = Debug|x64
		Debug|x86 = Debug|x86
		Release|Any CPU = Release|Any CPU
		Release|x64 = Release|x64
		Release|x86 = Release|x86
	EndGlobalSection
	GlobalSection(SolutionProperties) = preSolution
		HideSolutionNode = FALSE
	EndGlobalSection
	GlobalSection(ProjectConfigurationPlatforms) = postSolution
		{46C5CF73-6080-4384-BF3B-7751E9DF68E4}.Debug|Any CPU.ActiveCfg = Debug|Any CPU
		{46C5CF73-6080-4384-BF3B-7751E9DF68E4}.Debug|Any CPU.Build.0 = Debug|Any CPU
		{46C5CF73-6080-4384-BF3B-7751E9DF68E4}.Debug|x64.ActiveCfg = Debug|x64
		{46C5CF73-6080-4384-BF3B-7751E9DF68E4}.Debug|x64.Build.0 = Debug|x64
		{46C5CF73-6080-4384-BF3B-7751E9DF68E4}.Debug|x86.ActiveCfg = Debug|x86
		{46C5CF73-6080-4384-BF3B-7751E9DF68E4}.Debug|x86.Build.0 = Debug|x86
		{46C5CF73-6080-4384-BF3B-7751E9DF68E4}.Release|Any CPU.ActiveCfg = Release|Any CPU
		{46C5CF73-6080-4384-BF3B-7751E9DF68E4}.Release|Any CPU.Build.0 = Release|Any CPU
		{46C5CF73-6080-4384-BF3B-7751E9DF68E4}.Release|x64.ActiveCfg = Release|x64
		{46C5CF73-6080-4384-BF3B-7751E9DF68E4}.Release|x64.Build.0 = Release|x64
		{46C5CF73-6080-4384-BF3B-7751E9DF68E4}.Release|x86.ActiveCfg = Release|x86
		{46C5CF73-6080-4384-BF3B-7751E9DF68E4}.Release|x86.Build.0 = Release|x86
		{91264281-CEB8-4613-878D-126B0FBDE585}.Debug|Any CPU.ActiveCfg = Debug|Any CPU
		{91264281-CEB8-4613-878D-126B0FBDE585}.Debug|Any CPU.Build.0 = Debug|Any CPU
		{91264281-CEB8-4613-878D-126B0FBDE585}.Debug|x64.ActiveCfg = Debug|x64
		{91264281-CEB8-4613-878D-126B0FBDE585}.Debug|x64.Build.0 = Debug|x64
		{91264281-CEB8-4613-878D-126B0FBDE585}.Debug|x86.ActiveCfg = Debug|x86
		{91264281-CEB8-4613-878D-126B0FBDE585}.Debug|x86.Build.0 = Debug|x86
		{91264281-CEB8-4613-878D-126B0FBDE585}.Release|Any CPU.ActiveCfg = Release|Any CPU
		{91264281-CEB8-4613-878D-126B0FBDE585}.Release|Any CPU.Build.0 = Release|Any CPU
		{91264281-CEB8-4613-878D-126B0FBDE585}.Release|x64.ActiveCfg = Release|x64
		{91264281-CEB8-4613-878D-126B0FBDE585}.Release|x64.Build.0 = Release|x64
		{91264281-CEB8-4613-878D-126B0FBDE585}.Release|x86.ActiveCfg = Release|x86
		{91264281-CEB8-4613-878D-126B0FBDE585}.Release|x86.Build.0 = Release|x86
	EndGlobalSection
EndGlobal
